
Microsoft Visual Studio Solution File, Format Version 12.00
# Visual Studio Version 17
VisualStudioVersion = 17.4.32804.182
MinimumVisualStudioVersion = 10.0.40219.1
Project("{9A19103F-16F7-4668-BE54-9A1E7A4F7556}") = "TestMVCApplication.Web", "TestMVCApplication.Web\TestMVCApplication.Web.csproj", "{1B3EC028-8A70-4DD7-9C84-DD7EC926DBB4}"
EndProject
Project("{9A19103F-16F7-4668-BE54-9A1E7A4F7556}") = "DependencyInversionClassLibrary", "DependencyInversionClassLibrary\DependencyInversionClassLibrary.csproj", "{DD4C2915-B9C3-41F5-A1D7-3408AC27687F}"
EndProject
Project("{9A19103F-16F7-4668-BE54-9A1E7A4F7556}") = "TestMVCApplication.BusinessLogic", "TestMVCApplication.BusinessLogic\TestMVCApplication.BusinessLogic.csproj", "{E416CFEF-8439-4919-88BC-5D03EB50165B}"
EndProject
Project("{FAE04EC0-301F-11D3-BF4B-00C04F79EFBC}") = "TestMVCApplication.DAL", "TestMVCApplication.DAL\TestMVCApplication.DAL.csproj", "{EE1C528D-D212-402D-A151-968CD4004652}"
EndProject
Global
	GlobalSection(SolutionConfigurationPlatforms) = preSolution
		Debug|Any CPU = Debug|Any CPU
		Release|Any CPU = Release|Any CPU
	EndGlobalSection
	GlobalSection(ProjectConfigurationPlatforms) = postSolution
		{1B3EC028-8A70-4DD7-9C84-DD7EC926DBB4}.Debug|Any CPU.ActiveCfg = Debug|Any CPU
		{1B3EC028-8A70-4DD7-9C84-DD7EC926DBB4}.Debug|Any CPU.Build.0 = Debug|Any CPU
		{1B3EC028-8A70-4DD7-9C84-DD7EC926DBB4}.Release|Any CPU.ActiveCfg = Release|Any CPU
		{1B3EC028-8A70-4DD7-9C84-DD7EC926DBB4}.Release|Any CPU.Build.0 = Release|Any CPU
		{DD4C2915-B9C3-41F5-A1D7-3408AC27687F}.Debug|Any CPU.ActiveCfg = Debug|Any CPU
		{DD4C2915-B9C3-41F5-A1D7-3408AC27687F}.Debug|Any CPU.Build.0 = Debug|Any CPU
		{DD4C2915-B9C3-41F5-A1D7-3408AC27687F}.Release|Any CPU.ActiveCfg = Release|Any CPU
		{DD4C2915-B9C3-41F5-A1D7-3408AC27687F}.Release|Any CPU.Build.0 = Release|Any CPU
		{E416CFEF-8439-4919-88BC-5D03EB50165B}.Debug|Any CPU.ActiveCfg = Debug|Any CPU
		{E416CFEF-8439-4919-88BC-5D03EB50165B}.Debug|Any CPU.Build.0 = Debug|Any CPU
		{E416CFEF-8439-4919-88BC-5D03EB50165B}.Release|Any CPU.ActiveCfg = Release|Any CPU
		{E416CFEF-8439-4919-88BC-5D03EB50165B}.Release|Any CPU.Build.0 = Release|Any CPU
		{EE1C528D-D212-402D-A151-968CD4004652}.Debug|Any CPU.ActiveCfg = Debug|Any CPU
		{EE1C528D-D212-402D-A151-968CD4004652}.Debug|Any CPU.Build.0 = Debug|Any CPU
		{EE1C528D-D212-402D-A151-968CD4004652}.Release|Any CPU.ActiveCfg = Release|Any CPU
		{EE1C528D-D212-402D-A151-968CD4004652}.Release|Any CPU.Build.0 = Release|Any CPU
	EndGlobalSection
	GlobalSection(SolutionProperties) = preSolution
		HideSolutionNode = FALSE
	EndGlobalSection
	GlobalSection(ExtensibilityGlobals) = postSolution
		SolutionGuid = {7148C0D9-1462-476F-B743-D3FC2A4AED91}
	EndGlobalSection
EndGlobal
